
Microsoft Visual Studio Solution File, Format Version 12.00
# Visual Studio Version 16
VisualStudioVersion = 16.0.30128.74
MinimumVisualStudioVersion = 10.0.40219.1
Project("{FAE04EC0-301F-11D3-BF4B-00C04F79EFBC}") = "InputOutput", "InputOutput\InputOutput.csproj", "{46638336-48AA-4AAF-9D87-26816F4B9500}"
EndProject
Project("{FAE04EC0-301F-11D3-BF4B-00C04F79EFBC}") = "NumericTypes", "NumericTypes\NumericTypes.csproj", "{82DBBD7E-F18A-4294-A521-D900E1B24AED}"
EndProject
Project("{FAE04EC0-301F-11D3-BF4B-00C04F79EFBC}") = "MoreNumericTypes", "MoreNumericTypes\MoreNumericTypes.csproj", "{058E78AD-BA11-4023-A3C2-290CB6F92001}"
EndProject
Project("{FAE04EC0-301F-11D3-BF4B-00C04F79EFBC}") = "Strings", "Strings\Strings.csproj", "{4EADA64E-2F54-42A3-9DBD-4D6FE66C69E6}"
EndProject
Global
	GlobalSection(SolutionConfigurationPlatforms) = preSolution
		Debug|Any CPU = Debug|Any CPU
		Release|Any CPU = Release|Any CPU
	EndGlobalSection
	GlobalSection(ProjectConfigurationPlatforms) = postSolution
		{46638336-48AA-4AAF-9D87-26816F4B9500}.Debug|Any CPU.ActiveCfg = Debug|Any CPU
		{46638336-48AA-4AAF-9D87-26816F4B9500}.Debug|Any CPU.Build.0 = Debug|Any CPU
		{46638336-48AA-4AAF-9D87-26816F4B9500}.Release|Any CPU.ActiveCfg = Release|Any CPU
		{46638336-48AA-4AAF-9D87-26816F4B9500}.Release|Any CPU.Build.0 = Release|Any CPU
		{82DBBD7E-F18A-4294-A521-D900E1B24AED}.Debug|Any CPU.ActiveCfg = Debug|Any CPU
		{82DBBD7E-F18A-4294-A521-D900E1B24AED}.Debug|Any CPU.Build.0 = Debug|Any CPU
		{82DBBD7E-F18A-4294-A521-D900E1B24AED}.Release|Any CPU.ActiveCfg = Release|Any CPU
		{82DBBD7E-F18A-4294-A521-D900E1B24AED}.Release|Any CPU.Build.0 = Release|Any CPU
		{058E78AD-BA11-4023-A3C2-290CB6F92001}.Debug|Any CPU.ActiveCfg = Debug|Any CPU
		{058E78AD-BA11-4023-A3C2-290CB6F92001}.Debug|Any CPU.Build.0 = Debug|Any CPU
		{058E78AD-BA11-4023-A3C2-290CB6F92001}.Release|Any CPU.ActiveCfg = Release|Any CPU
		{058E78AD-BA11-4023-A3C2-290CB6F92001}.Release|Any CPU.Build.0 = Release|Any CPU
		{4EADA64E-2F54-42A3-9DBD-4D6FE66C69E6}.Debug|Any CPU.ActiveCfg = Debug|Any CPU
		{4EADA64E-2F54-42A3-9DBD-4D6FE66C69E6}.Debug|Any CPU.Build.0 = Debug|Any CPU
		{4EADA64E-2F54-42A3-9DBD-4D6FE66C69E6}.Release|Any CPU.ActiveCfg = Release|Any CPU
		{4EADA64E-2F54-42A3-9DBD-4D6FE66C69E6}.Release|Any CPU.Build.0 = Release|Any CPU
	EndGlobalSection
	GlobalSection(SolutionProperties) = preSolution
		HideSolutionNode = FALSE
	EndGlobalSection
	GlobalSection(ExtensibilityGlobals) = postSolution
		SolutionGuid = {C2C6062F-2D63-4C08-BE7C-987CF15736A0}
	EndGlobalSection
EndGlobal
